{
  "object": {
    "pins": [
      {
        "package": "LetsMeetModels",
        "repositoryURL": "git@github.com:AnbionApps/letsmeet-models.git",
        "state": {
          "branch": null,
          "revision": "10da90005b642cf0d10da08a5df199ab5d4adeef",
          "version": "2.0.0"
        }
      }
    ]
  },
  "version": 1
}
