{
  "object": {
    "pins": [
      {
        "package": "Cryptor",
        "repositoryURL": "https://github.com/IBM-Swift/BlueCryptor.git",
        "state": {
          "branch": null,
          "revision": "12d2bf3ec7207ec3cd004b9582f69ef5fae1da3b",
          "version": "1.0.32"
        }
      },
      {
        "package": "CryptorECC",
        "repositoryURL": "https://github.com/IBM-Swift/BlueECC.git",
        "state": {
          "branch": null,
          "revision": "73f362cb0d9c5f1fd0089240d7b293cd2bff18db",
          "version": "1.2.5"
        }
      },
      {
        "package": "CryptorRSA",
        "repositoryURL": "https://github.com/IBM-Swift/BlueRSA.git",
        "state": {
          "branch": null,
          "revision": "8ea901f2582296837d88f882b0fa5a0601759598",
          "version": "1.0.35"
        }
      },
      {
        "package": "Clibsodium",
        "repositoryURL": "https://github.com/tiwoc/Clibsodium.git",
        "state": {
          "branch": null,
          "revision": "2ac72772aae26b2da0b15c253d9bb79ba452f66a",
          "version": "1.0.0"
        }
      },
      {
        "package": "DoubleRatchet",
        "repositoryURL": "https://github.com/TICESoftware/DoubleRatchet.git",
        "state": {
          "branch": null,
          "revision": "f40332fc3dd3274458a8f5bd0ccfd16aad9fe168",
          "version": "1.1.9"
        }
      },
      {
        "package": "HKDF",
        "repositoryURL": "git@github.com:TICESoftware/HKDF.git",
        "state": {
          "branch": null,
          "revision": "19491ada43f28d42affd513224c6ec776969c656",
          "version": "1.0.4"
        }
      },
      {
        "package": "KituraContracts",
        "repositoryURL": "https://github.com/IBM-Swift/KituraContracts.git",
        "state": {
          "branch": null,
          "revision": "a30e2fb79e926672776a05ec6b919c239870a221",
          "version": "1.2.1"
        }
      },
      {
        "package": "LoggerAPI",
        "repositoryURL": "https://github.com/IBM-Swift/LoggerAPI.git",
        "state": {
          "branch": null,
          "revision": "3357dd9526cdf9436fa63bb792b669e6efdc43da",
          "version": "1.9.0"
        }
      },
      {
        "package": "SwiftJWT",
        "repositoryURL": "https://github.com/TICESoftware/Swift-JWT.git",
        "state": {
          "branch": null,
          "revision": "54fab0d209fdb2ab2666cba01a138537bccaa39c",
          "version": "3.6.1"
        }
      },
      {
        "package": "swift-log",
        "repositoryURL": "https://github.com/apple/swift-log.git",
        "state": {
          "branch": null,
          "revision": "74d7b91ceebc85daf387ebb206003f78813f71aa",
          "version": "1.2.0"
        }
      },
      {
        "package": "Sodium",
        "repositoryURL": "https://github.com/jedisct1/swift-sodium",
        "state": {
          "branch": null,
          "revision": "5900a54dea817befa18f3148889fe922a38afe7f",
          "version": "0.8.0"
        }
      },
      {
        "package": "TICEModels",
        "repositoryURL": "https://github.com/TICESoftware/TICE-SwiftModels.git",
        "state": {
          "branch": null,
          "revision": "f6d1a23966a3b5e98c6ddf5188baf11f6daf2217",
          "version": "46.0.1"
        }
      },
      {
        "package": "X3DH",
        "repositoryURL": "https://github.com/TICESoftware/X3DH.git",
        "state": {
          "branch": null,
          "revision": "71af884845e99de0f8e0b4467809a4cf3d4198d9",
          "version": "2.0.3"
        }
      }
    ]
  },
  "version": 1
}
